{
    "version": 3,
    "terraform_version": "0.12.31",
    "serial": 1,
    "lineage": "41663759-5ca9-5baa-9ab7-b471e578cf6d",
    "modules": [
        {
            "path": [
                "root"
            ],
            "outputs": {
                "aws_eks_cluster_tfer--deveks-phuong_id": {
                    "sensitive": false,
                    "type": "string",
                    "value": "deveks-phuong"
                }
            },
            "resources": {
                "aws_eks_cluster.tfer--deveks-phuong": {
                    "type": "aws_eks_cluster",
                    "depends_on": [],
                    "primary": {
                        "id": "deveks-phuong",
                        "attributes": {
                            "access_config.#": "1",
                            "access_config.0.authentication_mode": "API_AND_CONFIG_MAP",
                            "access_config.0.bootstrap_cluster_creator_admin_permissions": "true",
                            "arn": "arn:aws:eks:ap-northeast-1:529088254389:cluster/deveks-phuong",
                            "bootstrap_self_managed_addons": "false",
                            "certificate_authority.#": "1",
                            "certificate_authority.0.data": "LS0tLS1CRUdJTiBDRVJUSUZJQ0FURS0tLS0tCk1JSURCVENDQWUyZ0F3SUJBZ0lJWHpjTngzWWpYMUV3RFFZSktvWklodmNOQVFFTEJRQXdGVEVUTUJFR0ExVUUKQXhNS2EzVmlaWEp1WlhSbGN6QWVGdzB5TkRBNE1Ua3dNek0zTVRoYUZ3MHpOREE0TVRjd016UXlNVGhhTUJVeApFekFSQmdOVkJBTVRDbXQxWW1WeWJtVjBaWE13Z2dFaU1BMEdDU3FHU0liM0RRRUJBUVVBQTRJQkR3QXdnZ0VLCkFvSUJBUURhTENzUXpRVzlmMVZBM3FWcVBNRVNaamJpRVdKQkV6TXpGdWkzNW9QL0Eya1hvaEpDU3RvL2tSWFgKd1pMSUJva2JCbTVLRlRjZGhVT0JITUVuaWtMOUlJTFRnYTlQNmU2c1NUaDZ6a0hmSHcyaG8rNXd1WlA4d2lmagpOTlNxK1NxTGZRY2xLM2xHNGdBWWUwTHpISUEzS3FTL0Z3c2dCV3g2SFB3ZW9pWXpvRUlKUXNPRThYYnlHYXBnCm92QTdEZlBqN3F0NWI0WGdTMklqZEF4bW1pcjBvakVEdGdwY29MSkQ0SWM0RGZ4cTFWN3h3Q2RmbjFRTm1GMHIKQWlIYkhNUzJnYSt3Q3ExaFJnNVFMSDlLRDhGVXJDYkJTMXJhblp4cklUamZVMTA0Q2hwTXRuWWo0VUE0Z0dMcwpwYnY4SmxzWEFDUnEwWld6ajdXTXNKMDVKcXB2QWdNQkFBR2pXVEJYTUE0R0ExVWREd0VCL3dRRUF3SUNwREFQCkJnTlZIUk1CQWY4RUJUQURBUUgvTUIwR0ExVWREZ1FXQkJUMGY2T3lNb2tTTkpWV0ZRdEpFL2p2VUlvY25EQVYKQmdOVkhSRUVEakFNZ2dwcmRXSmxjbTVsZEdWek1BMEdDU3FHU0liM0RRRUJDd1VBQTRJQkFRQlFDOWJXbENiVgpoaDVaWWg5OXdXWis5V3MyZDl0Nk9RT1hpZDJKaFZ1WW1FK01HQ0RwUWFGTTdPMmVoOWZ6ZlhMODc0d0hxT0FUCkhmb21UbWRXanlGUDNpN2lFQmxqN0hha20rd1ErMUZUY1VwclQ4Y3BwV2VGQmFvWnNvR20xTVNDYWdzWTFETnkKbWNBZ0hXNnhHODZKVURkU3NKMHIwQ1FGcGVSMDVaVWZTaDZ1R2Jhb2FKY2V4QUFDZVFmR0p4dnlZWHZKOHdGSwpzS2poVmJ3MlovelRldmIvam5HbC9yQndiUkpvUzBXaGgzamQwNmV4dUk1eHpVSkRiOVQ1SVRNcnVOU1VWdmYyCjh2VXBqeUNOME9LMmVqMnFYamVwTDhEemY2Uy9OSm5jZnZuditmWkpUNnYrNkdRa1BKOHVPaFFuYlNQdWNYTmcKTmxRNTBJdjNJOXdDCi0tLS0tRU5EIENFUlRJRklDQVRFLS0tLS0K",
                            "created_at": "2024-08-19 03:37:51.827 +0000 UTC",
                            "enabled_cluster_log_types.#": "0",
                            "encryption_config.#": "0",
                            "endpoint": "https://0FB5E95B3A41E93480EAC91AC968ADA4.gr7.ap-northeast-1.eks.amazonaws.com",
                            "id": "deveks-phuong",
                            "identity.#": "1",
                            "identity.0.oidc.#": "1",
                            "identity.0.oidc.0.issuer": "https://oidc.eks.ap-northeast-1.amazonaws.com/id/0FB5E95B3A41E93480EAC91AC968ADA4",
                            "kubernetes_network_config.#": "1",
                            "kubernetes_network_config.0.ip_family": "ipv4",
                            "kubernetes_network_config.0.service_ipv4_cidr": "172.20.0.0/16",
                            "kubernetes_network_config.0.service_ipv6_cidr": "",
                            "name": "deveks-phuong",
                            "outpost_config.#": "0",
                            "platform_version": "eks.6",
                            "role_arn": "arn:aws:iam::529088254389:role/eks-role",
                            "status": "ACTIVE",
                            "tags.%": "0",
                            "tags_all.%": "0",
                            "upgrade_policy.#": "1",
                            "upgrade_policy.0.support_type": "EXTENDED",
                            "version": "1.30",
                            "vpc_config.#": "1",
                            "vpc_config.0.cluster_security_group_id": "sg-0db98875fb47052f7",
                            "vpc_config.0.endpoint_private_access": "false",
                            "vpc_config.0.endpoint_public_access": "true",
                            "vpc_config.0.public_access_cidrs.#": "1",
                            "vpc_config.0.public_access_cidrs.0": "0.0.0.0/0",
                            "vpc_config.0.security_group_ids.#": "1",
                            "vpc_config.0.security_group_ids.0": "sg-069cb74649e57b1b6",
                            "vpc_config.0.subnet_ids.#": "4",
                            "vpc_config.0.subnet_ids.0": "subnet-010d2864a01493c49",
                            "vpc_config.0.subnet_ids.1": "subnet-02aa14a57a32921b4",
                            "vpc_config.0.subnet_ids.2": "subnet-08a85435642137e26",
                            "vpc_config.0.subnet_ids.3": "subnet-0f34468046871b721",
                            "vpc_config.0.vpc_id": "vpc-0c45234922555bafc"
                        },
                        "meta": {
                            "schema_version": 1
                        },
                        "tainted": false
                    },
                    "deposed": [],
                    "provider": "provider.aws"
                }
            },
            "depends_on": []
        }
    ]
}
