{
    "version": 3,
    "terraform_version": "0.12.31",
    "serial": 1,
    "lineage": "50472102-180e-1a06-966b-63b43006f2ca",
    "modules": [
        {
            "path": [
                "root"
            ],
            "outputs": {
                "aws_instance_tfer--i-0534d01c85dcce822_practical-devops_id": {
                    "sensitive": false,
                    "type": "string",
                    "value": "i-0534d01c85dcce822"
                }
            },
            "resources": {
                "aws_instance.tfer--i-0534d01c85dcce822_practical-devops": {
                    "type": "aws_instance",
                    "depends_on": [],
                    "primary": {
                        "id": "i-0534d01c85dcce822",
                        "attributes": {
                            "ami": "ami-0091f05e4b8ee6709",
                            "arn": "arn:aws:ec2:ap-northeast-1:529088254389:instance/i-0534d01c85dcce822",
                            "associate_public_ip_address": "true",
                            "availability_zone": "ap-northeast-1a",
                            "capacity_reservation_specification.#": "1",
                            "capacity_reservation_specification.0.capacity_reservation_preference": "open",
                            "capacity_reservation_specification.0.capacity_reservation_target.#": "0",
                            "cpu_core_count": "1",
                            "cpu_options.#": "1",
                            "cpu_options.0.amd_sev_snp": "",
                            "cpu_options.0.core_count": "1",
                            "cpu_options.0.threads_per_core": "1",
                            "cpu_threads_per_core": "1",
                            "credit_specification.#": "1",
                            "credit_specification.0.cpu_credits": "standard",
                            "disable_api_stop": "false",
                            "disable_api_termination": "false",
                            "ebs_block_device.#": "0",
                            "ebs_optimized": "false",
                            "enclave_options.#": "1",
                            "enclave_options.0.enabled": "false",
                            "ephemeral_block_device.#": "0",
                            "get_password_data": "false",
                            "hibernation": "false",
                            "host_id": "",
                            "iam_instance_profile": "",
                            "id": "i-0534d01c85dcce822",
                            "instance_initiated_shutdown_behavior": "stop",
                            "instance_lifecycle": "",
                            "instance_market_options.#": "0",
                            "instance_state": "running",
                            "instance_type": "t2.micro",
                            "ipv6_address_count": "0",
                            "ipv6_addresses.#": "0",
                            "key_name": "practical-devops",
                            "launch_template.#": "0",
                            "maintenance_options.#": "1",
                            "maintenance_options.0.auto_recovery": "default",
                            "metadata_options.#": "1",
                            "metadata_options.0.http_endpoint": "enabled",
                            "metadata_options.0.http_protocol_ipv6": "disabled",
                            "metadata_options.0.http_put_response_hop_limit": "2",
                            "metadata_options.0.http_tokens": "required",
                            "metadata_options.0.instance_metadata_tags": "disabled",
                            "monitoring": "false",
                            "network_interface.#": "0",
                            "outpost_arn": "",
                            "password_data": "",
                            "placement_group": "",
                            "placement_partition_number": "0",
                            "primary_network_interface_id": "eni-0e6acc9ad8a81c1a6",
                            "private_dns": "ip-10-0-1-194.ap-northeast-1.compute.internal",
                            "private_dns_name_options.#": "1",
                            "private_dns_name_options.0.enable_resource_name_dns_a_record": "false",
                            "private_dns_name_options.0.enable_resource_name_dns_aaaa_record": "false",
                            "private_dns_name_options.0.hostname_type": "ip-name",
                            "private_ip": "10.0.1.194",
                            "public_dns": "ec2-54-95-61-47.ap-northeast-1.compute.amazonaws.com",
                            "public_ip": "54.95.61.47",
                            "root_block_device.#": "1",
                            "root_block_device.0.delete_on_termination": "true",
                            "root_block_device.0.device_name": "/dev/xvda",
                            "root_block_device.0.encrypted": "false",
                            "root_block_device.0.iops": "3000",
                            "root_block_device.0.kms_key_id": "",
                            "root_block_device.0.tags.%": "0",
                            "root_block_device.0.tags_all.%": "0",
                            "root_block_device.0.throughput": "125",
                            "root_block_device.0.volume_id": "vol-038db3b0a25cab31e",
                            "root_block_device.0.volume_size": "8",
                            "root_block_device.0.volume_type": "gp3",
                            "secondary_private_ips.#": "0",
                            "security_groups.#": "0",
                            "source_dest_check": "true",
                            "spot_instance_request_id": "",
                            "subnet_id": "subnet-010d2864a01493c49",
                            "tags.%": "1",
                            "tags.Name": "practical-devops",
                            "tags_all.%": "1",
                            "tags_all.Name": "practical-devops",
                            "tenancy": "default",
                            "user_data_base64": "",
                            "vpc_security_group_ids.#": "1",
                            "vpc_security_group_ids.0": "sg-069cb74649e57b1b6"
                        },
                        "meta": {
                            "schema_version": 1
                        },
                        "tainted": false
                    },
                    "deposed": [],
                    "provider": "provider.aws"
                }
            },
            "depends_on": []
        }
    ]
}
